
Microsoft Visual Studio Solution File, Format Version 12.00
# Visual Studio Version 17
VisualStudioVersion = 17.1.32228.430
MinimumVisualStudioVersion = 10.0.40219.1
Project("{FAE04EC0-301F-11D3-BF4B-00C04F79EFBC}") = "TheBugTracker", "TheBugTracker\TheBugTracker.csproj", "{8532446F-E246-449B-B4BE-B7BF42B72916}"
EndProject
Global
	GlobalSection(SolutionConfigurationPlatforms) = preSolution
		Debug|Any CPU = Debug|Any CPU
		Release|Any CPU = Release|Any CPU
	EndGlobalSection
	GlobalSection(ProjectConfigurationPlatforms) = postSolution
		{8532446F-E246-449B-B4BE-B7BF42B72916}.Debug|Any CPU.ActiveCfg = Debug|Any CPU
		{8532446F-E246-449B-B4BE-B7BF42B72916}.Debug|Any CPU.Build.0 = Debug|Any CPU
		{8532446F-E246-449B-B4BE-B7BF42B72916}.Release|Any CPU.ActiveCfg = Release|Any CPU
		{8532446F-E246-449B-B4BE-B7BF42B72916}.Release|Any CPU.Build.0 = Release|Any CPU
	EndGlobalSection
	GlobalSection(SolutionProperties) = preSolution
		HideSolutionNode = FALSE
	EndGlobalSection
	GlobalSection(ExtensibilityGlobals) = postSolution
		SolutionGuid = {BC93B7A5-219B-425E-936A-B9ADD25A15C1}
	EndGlobalSection
EndGlobal
